// !$*UTF8*$!
{
	archiveVersion = 1;
	classes = {
	};
	objectVersion = 52;
	objects = {

/* Begin PBXBuildFile section */
		882715A225DEA85400147F20 /* AppDelegate.swift in Sources */ = {isa = PBXBuildFile; fileRef = 882715A125DEA85400147F20 /* AppDelegate.swift */; };
		882715A425DEA85400147F20 /* SceneDelegate.swift in Sources */ = {isa = PBXBuildFile; fileRef = 882715A325DEA85400147F20 /* SceneDelegate.swift */; };
		882715A625DEA85400147F20 /* SignInVC.swift in Sources */ = {isa = PBXBuildFile; fileRef = 882715A525DEA85400147F20 /* SignInVC.swift */; };
		882715AB25DEA85500147F20 /* Assets.xcassets in Resources */ = {isa = PBXBuildFile; fileRef = 882715AA25DEA85500147F20 /* Assets.xcassets */; };
		882715AE25DEA85500147F20 /* LaunchScreen.storyboard in Resources */ = {isa = PBXBuildFile; fileRef = 882715AC25DEA85500147F20 /* LaunchScreen.storyboard */; };
		882715BD25DEBBB000147F20 /* CardCellView.swift in Sources */ = {isa = PBXBuildFile; fileRef = 882715BC25DEBBB000147F20 /* CardCellView.swift */; };
		8828917B25DFB183008FE0AD /* Utils.swift in Sources */ = {isa = PBXBuildFile; fileRef = 8828917A25DFB183008FE0AD /* Utils.swift */; };
		8860548125E3F2AC00B552FE /* RxCocoaRuntime.xcframework in Frameworks */ = {isa = PBXBuildFile; fileRef = 8860548025E3F2AC00B552FE /* RxCocoaRuntime.xcframework */; };
		8860548225E3F2AC00B552FE /* RxCocoaRuntime.xcframework in Embed Frameworks */ = {isa = PBXBuildFile; fileRef = 8860548025E3F2AC00B552FE /* RxCocoaRuntime.xcframework */; settings = {ATTRIBUTES = (CodeSignOnCopy, RemoveHeadersOnCopy, ); }; };
		8860548525E3F2B000B552FE /* RxCocoa.xcframework in Frameworks */ = {isa = PBXBuildFile; fileRef = 8860548425E3F2B000B552FE /* RxCocoa.xcframework */; };
		8860548625E3F2B000B552FE /* RxCocoa.xcframework in Embed Frameworks */ = {isa = PBXBuildFile; fileRef = 8860548425E3F2B000B552FE /* RxCocoa.xcframework */; settings = {ATTRIBUTES = (CodeSignOnCopy, RemoveHeadersOnCopy, ); }; };
		8860548925E3F2B400B552FE /* RxSwift.xcframework in Frameworks */ = {isa = PBXBuildFile; fileRef = 8860548825E3F2B400B552FE /* RxSwift.xcframework */; };
		8860548A25E3F2B400B552FE /* RxSwift.xcframework in Embed Frameworks */ = {isa = PBXBuildFile; fileRef = 8860548825E3F2B400B552FE /* RxSwift.xcframework */; settings = {ATTRIBUTES = (CodeSignOnCopy, RemoveHeadersOnCopy, ); }; };
		8860548D25E3F4BC00B552FE /* RxRelay.xcframework in Frameworks */ = {isa = PBXBuildFile; fileRef = 8860548C25E3F4BC00B552FE /* RxRelay.xcframework */; };
		8860548E25E3F4BC00B552FE /* RxRelay.xcframework in Embed Frameworks */ = {isa = PBXBuildFile; fileRef = 8860548C25E3F4BC00B552FE /* RxRelay.xcframework */; settings = {ATTRIBUTES = (CodeSignOnCopy, RemoveHeadersOnCopy, ); }; };
		8860549125E3F85C00B552FE /* SignInViewModel.swift in Sources */ = {isa = PBXBuildFile; fileRef = 8860549025E3F85C00B552FE /* SignInViewModel.swift */; };
		8864D31A25E4F96C007C3FCE /* Coordinator.swift in Sources */ = {isa = PBXBuildFile; fileRef = 8864D31925E4F96C007C3FCE /* Coordinator.swift */; };
		8864D32025E4FABC007C3FCE /* RootCoordinator.swift in Sources */ = {isa = PBXBuildFile; fileRef = 8864D31F25E4FABC007C3FCE /* RootCoordinator.swift */; };
		8864D32425E4FC79007C3FCE /* SignUpViewModel.swift in Sources */ = {isa = PBXBuildFile; fileRef = 8864D32325E4FC79007C3FCE /* SignUpViewModel.swift */; };
		8864D33425E51C4D007C3FCE /* CardListCellViewModel.swift in Sources */ = {isa = PBXBuildFile; fileRef = 8864D33325E51C4D007C3FCE /* CardListCellViewModel.swift */; };
		8864D33825E51FC7007C3FCE /* ListCoordinator.swift in Sources */ = {isa = PBXBuildFile; fileRef = 8864D33725E51FC7007C3FCE /* ListCoordinator.swift */; };
		8864D33C25E5217A007C3FCE /* CardListVC.xib in Resources */ = {isa = PBXBuildFile; fileRef = 8864D33B25E5217A007C3FCE /* CardListVC.xib */; };
		8895DF5525DEC84600E585C4 /* LoyaltyAPIClient.h in Headers */ = {isa = PBXBuildFile; fileRef = 8895DF5325DEC84600E585C4 /* LoyaltyAPIClient.h */; settings = {ATTRIBUTES = (Public, ); }; };
		8895DF5825DEC84600E585C4 /* LoyaltyAPIClient.framework in Frameworks */ = {isa = PBXBuildFile; fileRef = 8895DF5125DEC84600E585C4 /* LoyaltyAPIClient.framework */; };
		8895DF5925DEC84600E585C4 /* LoyaltyAPIClient.framework in Embed Frameworks */ = {isa = PBXBuildFile; fileRef = 8895DF5125DEC84600E585C4 /* LoyaltyAPIClient.framework */; settings = {ATTRIBUTES = (CodeSignOnCopy, RemoveHeadersOnCopy, ); }; };
		8895DF6025DEC87000E585C4 /* LoyaltyAPIClient.swift in Sources */ = {isa = PBXBuildFile; fileRef = 8895DF5F25DEC87000E585C4 /* LoyaltyAPIClient.swift */; };
		8895DF6325DEC88F00E585C4 /* Models.swift in Sources */ = {isa = PBXBuildFile; fileRef = 8895DF6225DEC88F00E585C4 /* Models.swift */; };
		8895DF6625DECB5E00E585C4 /* Endpoint.swift in Sources */ = {isa = PBXBuildFile; fileRef = 8895DF6525DECB5E00E585C4 /* Endpoint.swift */; };
		8895DF6925DECBB100E585C4 /* BaseOperation.swift in Sources */ = {isa = PBXBuildFile; fileRef = 8895DF6825DECBB100E585C4 /* BaseOperation.swift */; };
		8895DF7125DECC4E00E585C4 /* API.swift in Sources */ = {isa = PBXBuildFile; fileRef = 8895DF7025DECC4E00E585C4 /* API.swift */; };
		8895DF7425DECCF600E585C4 /* RequestOperation.swift in Sources */ = {isa = PBXBuildFile; fileRef = 8895DF7325DECCF600E585C4 /* RequestOperation.swift */; };
		88D5299B25E40F6700C75A24 /* RxBlocking.xcframework in Frameworks */ = {isa = PBXBuildFile; fileRef = 88D5299A25E40F6700C75A24 /* RxBlocking.xcframework */; };
		88D5299C25E40F6700C75A24 /* RxBlocking.xcframework in Embed Frameworks */ = {isa = PBXBuildFile; fileRef = 88D5299A25E40F6700C75A24 /* RxBlocking.xcframework */; settings = {ATTRIBUTES = (CodeSignOnCopy, RemoveHeadersOnCopy, ); }; };
		88D529AE25E411CB00C75A24 /* RxBlocking.xcframework in Frameworks */ = {isa = PBXBuildFile; fileRef = 88D5299A25E40F6700C75A24 /* RxBlocking.xcframework */; };
		88D529AF25E411CB00C75A24 /* RxRelay.xcframework in Frameworks */ = {isa = PBXBuildFile; fileRef = 8860548C25E3F4BC00B552FE /* RxRelay.xcframework */; };
		88D529B025E411CB00C75A24 /* RxSwift.xcframework in Frameworks */ = {isa = PBXBuildFile; fileRef = 8860548825E3F2B400B552FE /* RxSwift.xcframework */; };
		88D529B625E4120D00C75A24 /* RxTest.xcframework in Frameworks */ = {isa = PBXBuildFile; fileRef = 88D529B525E4120D00C75A24 /* RxTest.xcframework */; };
		88D529C025E4124400C75A24 /* SignInViewModelTests.swift in Sources */ = {isa = PBXBuildFile; fileRef = 88D529BF25E4124400C75A24 /* SignInViewModelTests.swift */; };
		88D529C825E4126000C75A24 /* SignInViewModel.swift in Sources */ = {isa = PBXBuildFile; fileRef = 8860549025E3F85C00B552FE /* SignInViewModel.swift */; };
		88D529CC25E4127E00C75A24 /* Providers.swift in Sources */ = {isa = PBXBuildFile; fileRef = 88D529CB25E4127E00C75A24 /* Providers.swift */; };
		88D529CF25E4128E00C75A24 /* Services.swift in Sources */ = {isa = PBXBuildFile; fileRef = 88F5DFB925E3E8C2001E7E4B /* Services.swift */; };
		88E6039325DEC121000CE124 /* CardListVC.swift in Sources */ = {isa = PBXBuildFile; fileRef = 88E6039225DEC121000CE124 /* CardListVC.swift */; };
		88E6039725DEC307000CE124 /* SignUpVC.swift in Sources */ = {isa = PBXBuildFile; fileRef = 88E6039625DEC307000CE124 /* SignUpVC.swift */; };
		88E6039C25DEC32C000CE124 /* AddEditVC.swift in Sources */ = {isa = PBXBuildFile; fileRef = 88E6039B25DEC32C000CE124 /* AddEditVC.swift */; };
		88E6039F25DEC360000CE124 /* InfosVC.swift in Sources */ = {isa = PBXBuildFile; fileRef = 88E6039E25DEC360000CE124 /* InfosVC.swift */; };
		88F5DF9A25E3C7A0001E7E4B /* SignInVC.xib in Resources */ = {isa = PBXBuildFile; fileRef = 88F5DF9925E3C7A0001E7E4B /* SignInVC.xib */; };
		88F5DF9F25E3C860001E7E4B /* SignUpVC.xib in Resources */ = {isa = PBXBuildFile; fileRef = 88F5DF9E25E3C860001E7E4B /* SignUpVC.xib */; };
		88F5DFA625E3CAF6001E7E4B /* CardCellView.xib in Resources */ = {isa = PBXBuildFile; fileRef = 88F5DFA525E3CAF6001E7E4B /* CardCellView.xib */; };
		88F5DFA925E3CB03001E7E4B /* LoadingCellView.xib in Resources */ = {isa = PBXBuildFile; fileRef = 88F5DFA825E3CB03001E7E4B /* LoadingCellView.xib */; };
		88F5DFAF25E3CBBF001E7E4B /* InfosVC.xib in Resources */ = {isa = PBXBuildFile; fileRef = 88F5DFAE25E3CBBF001E7E4B /* InfosVC.xib */; };
		88F5DFB425E3CC36001E7E4B /* AddEditVC.xib in Resources */ = {isa = PBXBuildFile; fileRef = 88F5DFB325E3CC36001E7E4B /* AddEditVC.xib */; };
		88F5DFBA25E3E8C2001E7E4B /* Services.swift in Sources */ = {isa = PBXBuildFile; fileRef = 88F5DFB925E3E8C2001E7E4B /* Services.swift */; };
/* End PBXBuildFile section */

/* Begin PBXContainerItemProxy section */
		8895DF5625DEC84600E585C4 /* PBXContainerItemProxy */ = {
			isa = PBXContainerItemProxy;
			containerPortal = 8827159625DEA85400147F20 /* Project object */;
			proxyType = 1;
			remoteGlobalIDString = 8895DF5025DEC84600E585C4;
			remoteInfo = LoyaltyAPIClient;
		};
/* End PBXContainerItemProxy section */

/* Begin PBXCopyFilesBuildPhase section */
		8895DF5A25DEC84600E585C4 /* Embed Frameworks */ = {
			isa = PBXCopyFilesBuildPhase;
			buildActionMask = 2147483647;
			dstPath = "";
			dstSubfolderSpec = 10;
			files = (
				8860548225E3F2AC00B552FE /* RxCocoaRuntime.xcframework in Embed Frameworks */,
				8860548A25E3F2B400B552FE /* RxSwift.xcframework in Embed Frameworks */,
				8895DF5925DEC84600E585C4 /* LoyaltyAPIClient.framework in Embed Frameworks */,
				8860548E25E3F4BC00B552FE /* RxRelay.xcframework in Embed Frameworks */,
				88D5299C25E40F6700C75A24 /* RxBlocking.xcframework in Embed Frameworks */,
				8860548625E3F2B000B552FE /* RxCocoa.xcframework in Embed Frameworks */,
			);
			name = "Embed Frameworks";
			runOnlyForDeploymentPostprocessing = 0;
		};
/* End PBXCopyFilesBuildPhase section */

/* Begin PBXFileReference section */
		8827159E25DEA85400147F20 /* LoyaltyApp.app */ = {isa = PBXFileReference; explicitFileType = wrapper.application; includeInIndex = 0; path = LoyaltyApp.app; sourceTree = BUILT_PRODUCTS_DIR; };
		882715A125DEA85400147F20 /* AppDelegate.swift */ = {isa = PBXFileReference; lastKnownFileType = sourcecode.swift; path = AppDelegate.swift; sourceTree = "<group>"; };
		882715A325DEA85400147F20 /* SceneDelegate.swift */ = {isa = PBXFileReference; lastKnownFileType = sourcecode.swift; path = SceneDelegate.swift; sourceTree = "<group>"; };
		882715A525DEA85400147F20 /* SignInVC.swift */ = {isa = PBXFileReference; lastKnownFileType = sourcecode.swift; path = SignInVC.swift; sourceTree = "<group>"; };
		882715AA25DEA85500147F20 /* Assets.xcassets */ = {isa = PBXFileReference; lastKnownFileType = folder.assetcatalog; path = Assets.xcassets; sourceTree = "<group>"; };
		882715AD25DEA85500147F20 /* Base */ = {isa = PBXFileReference; lastKnownFileType = file.storyboard; name = Base; path = Base.lproj/LaunchScreen.storyboard; sourceTree = "<group>"; };
		882715AF25DEA85500147F20 /* Info.plist */ = {isa = PBXFileReference; lastKnownFileType = text.plist.xml; path = Info.plist; sourceTree = "<group>"; };
		882715BC25DEBBB000147F20 /* CardCellView.swift */ = {isa = PBXFileReference; lastKnownFileType = sourcecode.swift; path = CardCellView.swift; sourceTree = "<group>"; };
		8828917A25DFB183008FE0AD /* Utils.swift */ = {isa = PBXFileReference; lastKnownFileType = sourcecode.swift; path = Utils.swift; sourceTree = "<group>"; };
		8860548025E3F2AC00B552FE /* RxCocoaRuntime.xcframework */ = {isa = PBXFileReference; lastKnownFileType = wrapper.xcframework; name = RxCocoaRuntime.xcframework; path = thirdParty/RxCocoaRuntime.xcframework; sourceTree = "<group>"; };
		8860548425E3F2B000B552FE /* RxCocoa.xcframework */ = {isa = PBXFileReference; lastKnownFileType = wrapper.xcframework; name = RxCocoa.xcframework; path = thirdParty/RxCocoa.xcframework; sourceTree = "<group>"; };
		8860548825E3F2B400B552FE /* RxSwift.xcframework */ = {isa = PBXFileReference; lastKnownFileType = wrapper.xcframework; name = RxSwift.xcframework; path = thirdParty/RxSwift.xcframework; sourceTree = "<group>"; };
		8860548C25E3F4BC00B552FE /* RxRelay.xcframework */ = {isa = PBXFileReference; lastKnownFileType = wrapper.xcframework; name = RxRelay.xcframework; path = thirdParty/RxRelay.xcframework; sourceTree = "<group>"; };
		8860549025E3F85C00B552FE /* SignInViewModel.swift */ = {isa = PBXFileReference; lastKnownFileType = sourcecode.swift; path = SignInViewModel.swift; sourceTree = "<group>"; };
		8864D31925E4F96C007C3FCE /* Coordinator.swift */ = {isa = PBXFileReference; lastKnownFileType = sourcecode.swift; path = Coordinator.swift; sourceTree = "<group>"; };
		8864D31F25E4FABC007C3FCE /* RootCoordinator.swift */ = {isa = PBXFileReference; lastKnownFileType = sourcecode.swift; path = RootCoordinator.swift; sourceTree = "<group>"; };
		8864D32325E4FC79007C3FCE /* SignUpViewModel.swift */ = {isa = PBXFileReference; lastKnownFileType = sourcecode.swift; path = SignUpViewModel.swift; sourceTree = "<group>"; };
		8864D33325E51C4D007C3FCE /* CardListCellViewModel.swift */ = {isa = PBXFileReference; lastKnownFileType = sourcecode.swift; path = CardListCellViewModel.swift; sourceTree = "<group>"; };
		8864D33725E51FC7007C3FCE /* ListCoordinator.swift */ = {isa = PBXFileReference; lastKnownFileType = sourcecode.swift; path = ListCoordinator.swift; sourceTree = "<group>"; };
		8864D33B25E5217A007C3FCE /* CardListVC.xib */ = {isa = PBXFileReference; lastKnownFileType = file.xib; path = CardListVC.xib; sourceTree = "<group>"; };
		8895DF5125DEC84600E585C4 /* LoyaltyAPIClient.framework */ = {isa = PBXFileReference; explicitFileType = wrapper.framework; includeInIndex = 0; path = LoyaltyAPIClient.framework; sourceTree = BUILT_PRODUCTS_DIR; };
		8895DF5325DEC84600E585C4 /* LoyaltyAPIClient.h */ = {isa = PBXFileReference; lastKnownFileType = sourcecode.c.h; path = LoyaltyAPIClient.h; sourceTree = "<group>"; };
		8895DF5425DEC84600E585C4 /* Info.plist */ = {isa = PBXFileReference; lastKnownFileType = text.plist.xml; path = Info.plist; sourceTree = "<group>"; };
		8895DF5F25DEC87000E585C4 /* LoyaltyAPIClient.swift */ = {isa = PBXFileReference; lastKnownFileType = sourcecode.swift; path = LoyaltyAPIClient.swift; sourceTree = "<group>"; };
		8895DF6225DEC88F00E585C4 /* Models.swift */ = {isa = PBXFileReference; lastKnownFileType = sourcecode.swift; path = Models.swift; sourceTree = "<group>"; };
		8895DF6525DECB5E00E585C4 /* Endpoint.swift */ = {isa = PBXFileReference; lastKnownFileType = sourcecode.swift; path = Endpoint.swift; sourceTree = "<group>"; };
		8895DF6825DECBB100E585C4 /* BaseOperation.swift */ = {isa = PBXFileReference; lastKnownFileType = sourcecode.swift; path = BaseOperation.swift; sourceTree = "<group>"; };
		8895DF7025DECC4E00E585C4 /* API.swift */ = {isa = PBXFileReference; lastKnownFileType = sourcecode.swift; path = API.swift; sourceTree = "<group>"; };
		8895DF7325DECCF600E585C4 /* RequestOperation.swift */ = {isa = PBXFileReference; lastKnownFileType = sourcecode.swift; path = RequestOperation.swift; sourceTree = "<group>"; };
		88D5299A25E40F6700C75A24 /* RxBlocking.xcframework */ = {isa = PBXFileReference; lastKnownFileType = wrapper.xcframework; name = RxBlocking.xcframework; path = thirdParty/RxBlocking.xcframework; sourceTree = "<group>"; };
		88D529A425E411B000C75A24 /* LoyaltyAppIsolatedTests.xctest */ = {isa = PBXFileReference; explicitFileType = wrapper.cfbundle; includeInIndex = 0; path = LoyaltyAppIsolatedTests.xctest; sourceTree = BUILT_PRODUCTS_DIR; };
		88D529A825E411B000C75A24 /* Info.plist */ = {isa = PBXFileReference; lastKnownFileType = text.plist.xml; path = Info.plist; sourceTree = "<group>"; };
		88D529B525E4120D00C75A24 /* RxTest.xcframework */ = {isa = PBXFileReference; lastKnownFileType = wrapper.xcframework; name = RxTest.xcframework; path = thirdParty/RxTest.xcframework; sourceTree = "<group>"; };
		88D529BE25E4124400C75A24 /* LoyaltyAppIsolatedTests-Bridging-Header.h */ = {isa = PBXFileReference; lastKnownFileType = sourcecode.c.h; path = "LoyaltyAppIsolatedTests-Bridging-Header.h"; sourceTree = "<group>"; };
		88D529BF25E4124400C75A24 /* SignInViewModelTests.swift */ = {isa = PBXFileReference; lastKnownFileType = sourcecode.swift; path = SignInViewModelTests.swift; sourceTree = "<group>"; };
		88D529CB25E4127E00C75A24 /* Providers.swift */ = {isa = PBXFileReference; lastKnownFileType = sourcecode.swift; path = Providers.swift; sourceTree = "<group>"; };
		88E6039225DEC121000CE124 /* CardListVC.swift */ = {isa = PBXFileReference; lastKnownFileType = sourcecode.swift; path = CardListVC.swift; sourceTree = "<group>"; };
		88E6039625DEC307000CE124 /* SignUpVC.swift */ = {isa = PBXFileReference; lastKnownFileType = sourcecode.swift; path = SignUpVC.swift; sourceTree = "<group>"; };
		88E6039B25DEC32C000CE124 /* AddEditVC.swift */ = {isa = PBXFileReference; lastKnownFileType = sourcecode.swift; path = AddEditVC.swift; sourceTree = "<group>"; };
		88E6039E25DEC360000CE124 /* InfosVC.swift */ = {isa = PBXFileReference; lastKnownFileType = sourcecode.swift; path = InfosVC.swift; sourceTree = "<group>"; };
		88F5DF9925E3C7A0001E7E4B /* SignInVC.xib */ = {isa = PBXFileReference; lastKnownFileType = file.xib; path = SignInVC.xib; sourceTree = "<group>"; };
		88F5DF9E25E3C860001E7E4B /* SignUpVC.xib */ = {isa = PBXFileReference; lastKnownFileType = file.xib; path = SignUpVC.xib; sourceTree = "<group>"; };
		88F5DFA525E3CAF6001E7E4B /* CardCellView.xib */ = {isa = PBXFileReference; lastKnownFileType = file.xib; path = CardCellView.xib; sourceTree = "<group>"; };
		88F5DFA825E3CB03001E7E4B /* LoadingCellView.xib */ = {isa = PBXFileReference; lastKnownFileType = file.xib; path = LoadingCellView.xib; sourceTree = "<group>"; };
		88F5DFAE25E3CBBF001E7E4B /* InfosVC.xib */ = {isa = PBXFileReference; lastKnownFileType = file.xib; path = InfosVC.xib; sourceTree = "<group>"; };
		88F5DFB325E3CC36001E7E4B /* AddEditVC.xib */ = {isa = PBXFileReference; lastKnownFileType = file.xib; path = AddEditVC.xib; sourceTree = "<group>"; };
		88F5DFB925E3E8C2001E7E4B /* Services.swift */ = {isa = PBXFileReference; lastKnownFileType = sourcecode.swift; path = Services.swift; sourceTree = "<group>"; };
/* End PBXFileReference section */

/* Begin PBXFrameworksBuildPhase section */
		8827159B25DEA85400147F20 /* Frameworks */ = {
			isa = PBXFrameworksBuildPhase;
			buildActionMask = 2147483647;
			files = (
				8860548125E3F2AC00B552FE /* RxCocoaRuntime.xcframework in Frameworks */,
				8860548925E3F2B400B552FE /* RxSwift.xcframework in Frameworks */,
				8895DF5825DEC84600E585C4 /* LoyaltyAPIClient.framework in Frameworks */,
				8860548D25E3F4BC00B552FE /* RxRelay.xcframework in Frameworks */,
				88D5299B25E40F6700C75A24 /* RxBlocking.xcframework in Frameworks */,
				8860548525E3F2B000B552FE /* RxCocoa.xcframework in Frameworks */,
			);
			runOnlyForDeploymentPostprocessing = 0;
		};
		8895DF4E25DEC84600E585C4 /* Frameworks */ = {
			isa = PBXFrameworksBuildPhase;
			buildActionMask = 2147483647;
			files = (
			);
			runOnlyForDeploymentPostprocessing = 0;
		};
		88D529A125E411B000C75A24 /* Frameworks */ = {
			isa = PBXFrameworksBuildPhase;
			buildActionMask = 2147483647;
			files = (
				88D529B625E4120D00C75A24 /* RxTest.xcframework in Frameworks */,
				88D529AE25E411CB00C75A24 /* RxBlocking.xcframework in Frameworks */,
				88D529AF25E411CB00C75A24 /* RxRelay.xcframework in Frameworks */,
				88D529B025E411CB00C75A24 /* RxSwift.xcframework in Frameworks */,
			);
			runOnlyForDeploymentPostprocessing = 0;
		};
/* End PBXFrameworksBuildPhase section */

/* Begin PBXGroup section */
		8827159525DEA85400147F20 = {
			isa = PBXGroup;
			children = (
				882715A025DEA85400147F20 /* LoyaltyApp */,
				8895DF5225DEC84600E585C4 /* LoyaltyAPIClient */,
				88D529A525E411B000C75A24 /* LoyaltyAppIsolatedTests */,
				8827159F25DEA85400147F20 /* Products */,
				8860547F25E3F2AC00B552FE /* Frameworks */,
			);
			sourceTree = "<group>";
		};
		8827159F25DEA85400147F20 /* Products */ = {
			isa = PBXGroup;
			children = (
				8827159E25DEA85400147F20 /* LoyaltyApp.app */,
				8895DF5125DEC84600E585C4 /* LoyaltyAPIClient.framework */,
				88D529A425E411B000C75A24 /* LoyaltyAppIsolatedTests.xctest */,
			);
			name = Products;
			sourceTree = "<group>";
		};
		882715A025DEA85400147F20 /* LoyaltyApp */ = {
			isa = PBXGroup;
			children = (
				8864D31825E4F95D007C3FCE /* Coordinator */,
				88E6039525DEC2EA000CE124 /* Screens */,
				882715A125DEA85400147F20 /* AppDelegate.swift */,
				882715A325DEA85400147F20 /* SceneDelegate.swift */,
				882715AA25DEA85500147F20 /* Assets.xcassets */,
				882715AC25DEA85500147F20 /* LaunchScreen.storyboard */,
				882715AF25DEA85500147F20 /* Info.plist */,
				8828917A25DFB183008FE0AD /* Utils.swift */,
			);
			path = LoyaltyApp;
			sourceTree = "<group>";
		};
		882715BA25DEBBA000147F20 /* List */ = {
			isa = PBXGroup;
			children = (
				882715BC25DEBBB000147F20 /* CardCellView.swift */,
				88E6039225DEC121000CE124 /* CardListVC.swift */,
				8864D33B25E5217A007C3FCE /* CardListVC.xib */,
				88F5DFA525E3CAF6001E7E4B /* CardCellView.xib */,
				88F5DFA825E3CB03001E7E4B /* LoadingCellView.xib */,
				8864D33325E51C4D007C3FCE /* CardListCellViewModel.swift */,
			);
			path = List;
			sourceTree = "<group>";
		};
		8860547F25E3F2AC00B552FE /* Frameworks */ = {
			isa = PBXGroup;
			children = (
				88D529B525E4120D00C75A24 /* RxTest.xcframework */,
				88D5299A25E40F6700C75A24 /* RxBlocking.xcframework */,
				8860548C25E3F4BC00B552FE /* RxRelay.xcframework */,
				8860548825E3F2B400B552FE /* RxSwift.xcframework */,
				8860548425E3F2B000B552FE /* RxCocoa.xcframework */,
				8860548025E3F2AC00B552FE /* RxCocoaRuntime.xcframework */,
			);
			name = Frameworks;
			sourceTree = "<group>";
		};
		8864D31825E4F95D007C3FCE /* Coordinator */ = {
			isa = PBXGroup;
			children = (
				8864D31925E4F96C007C3FCE /* Coordinator.swift */,
				8864D31F25E4FABC007C3FCE /* RootCoordinator.swift */,
				8864D33725E51FC7007C3FCE /* ListCoordinator.swift */,
			);
			path = Coordinator;
			sourceTree = "<group>";
		};
		8895DF5225DEC84600E585C4 /* LoyaltyAPIClient */ = {
			isa = PBXGroup;
			children = (
				8895DF5325DEC84600E585C4 /* LoyaltyAPIClient.h */,
				8895DF5425DEC84600E585C4 /* Info.plist */,
				8895DF5F25DEC87000E585C4 /* LoyaltyAPIClient.swift */,
				8895DF6225DEC88F00E585C4 /* Models.swift */,
				8895DF6E25DECC4500E585C4 /* API */,
				8895DF6B25DECBC500E585C4 /* Operations */,
			);
			path = LoyaltyAPIClient;
			sourceTree = "<group>";
		};
		8895DF6B25DECBC500E585C4 /* Operations */ = {
			isa = PBXGroup;
			children = (
				8895DF6825DECBB100E585C4 /* BaseOperation.swift */,
				8895DF7325DECCF600E585C4 /* RequestOperation.swift */,
			);
			path = Operations;
			sourceTree = "<group>";
		};
		8895DF6E25DECC4500E585C4 /* API */ = {
			isa = PBXGroup;
			children = (
				8895DF6525DECB5E00E585C4 /* Endpoint.swift */,
				8895DF7025DECC4E00E585C4 /* API.swift */,
			);
			path = API;
			sourceTree = "<group>";
		};
		88D529A525E411B000C75A24 /* LoyaltyAppIsolatedTests */ = {
			isa = PBXGroup;
			children = (
				88D529BD25E4122F00C75A24 /* SignIn */,
				88D529A825E411B000C75A24 /* Info.plist */,
			);
			path = LoyaltyAppIsolatedTests;
			sourceTree = "<group>";
		};
		88D529BD25E4122F00C75A24 /* SignIn */ = {
			isa = PBXGroup;
			children = (
				88D529BF25E4124400C75A24 /* SignInViewModelTests.swift */,
				88D529BE25E4124400C75A24 /* LoyaltyAppIsolatedTests-Bridging-Header.h */,
			);
			path = SignIn;
			sourceTree = "<group>";
		};
		88E6039525DEC2EA000CE124 /* Screens */ = {
			isa = PBXGroup;
			children = (
				88F5DFB825E3E8AA001E7E4B /* Providers */,
				88F5DFB125E3CC28001E7E4B /* AddEdditVC */,
				88F5DFAC25E3CBB1001E7E4B /* InfosVC */,
				882715BA25DEBBA000147F20 /* List */,
				88F5DF9825E3C77E001E7E4B /* SignIn */,
				88F5DF9C25E3C843001E7E4B /* SignUp */,
			);
			path = Screens;
			sourceTree = "<group>";
		};
		88F5DF9825E3C77E001E7E4B /* SignIn */ = {
			isa = PBXGroup;
			children = (
				882715A525DEA85400147F20 /* SignInVC.swift */,
				88F5DF9925E3C7A0001E7E4B /* SignInVC.xib */,
				8860549025E3F85C00B552FE /* SignInViewModel.swift */,
			);
			name = SignIn;
			sourceTree = "<group>";
		};
		88F5DF9C25E3C843001E7E4B /* SignUp */ = {
			isa = PBXGroup;
			children = (
				88E6039625DEC307000CE124 /* SignUpVC.swift */,
				88F5DF9E25E3C860001E7E4B /* SignUpVC.xib */,
				8864D32325E4FC79007C3FCE /* SignUpViewModel.swift */,
			);
			path = SignUp;
			sourceTree = "<group>";
		};
		88F5DFAC25E3CBB1001E7E4B /* InfosVC */ = {
			isa = PBXGroup;
			children = (
				88E6039E25DEC360000CE124 /* InfosVC.swift */,
				88F5DFAE25E3CBBF001E7E4B /* InfosVC.xib */,
			);
			path = InfosVC;
			sourceTree = "<group>";
		};
		88F5DFB125E3CC28001E7E4B /* AddEdditVC */ = {
			isa = PBXGroup;
			children = (
				88E6039B25DEC32C000CE124 /* AddEditVC.swift */,
				88F5DFB325E3CC36001E7E4B /* AddEditVC.xib */,
			);
			path = AddEdditVC;
			sourceTree = "<group>";
		};
		88F5DFB825E3E8AA001E7E4B /* Providers */ = {
			isa = PBXGroup;
			children = (
				88F5DFB925E3E8C2001E7E4B /* Services.swift */,
				88D529CB25E4127E00C75A24 /* Providers.swift */,
			);
			path = Providers;
			sourceTree = "<group>";
		};
/* End PBXGroup section */

/* Begin PBXHeadersBuildPhase section */
		8895DF4C25DEC84600E585C4 /* Headers */ = {
			isa = PBXHeadersBuildPhase;
			buildActionMask = 2147483647;
			files = (
				8895DF5525DEC84600E585C4 /* LoyaltyAPIClient.h in Headers */,
			);
			runOnlyForDeploymentPostprocessing = 0;
		};
/* End PBXHeadersBuildPhase section */

/* Begin PBXNativeTarget section */
		8827159D25DEA85400147F20 /* LoyaltyApp */ = {
			isa = PBXNativeTarget;
			buildConfigurationList = 882715B225DEA85500147F20 /* Build configuration list for PBXNativeTarget "LoyaltyApp" */;
			buildPhases = (
				8827159A25DEA85400147F20 /* Sources */,
				8827159B25DEA85400147F20 /* Frameworks */,
				8827159C25DEA85400147F20 /* Resources */,
				8895DF5A25DEC84600E585C4 /* Embed Frameworks */,
			);
			buildRules = (
			);
			dependencies = (
				8895DF5725DEC84600E585C4 /* PBXTargetDependency */,
			);
			name = LoyaltyApp;
			productName = LoyaltyApp;
			productReference = 8827159E25DEA85400147F20 /* LoyaltyApp.app */;
			productType = "com.apple.product-type.application";
		};
		8895DF5025DEC84600E585C4 /* LoyaltyAPIClient */ = {
			isa = PBXNativeTarget;
			buildConfigurationList = 8895DF5D25DEC84600E585C4 /* Build configuration list for PBXNativeTarget "LoyaltyAPIClient" */;
			buildPhases = (
				8895DF4C25DEC84600E585C4 /* Headers */,
				8895DF4D25DEC84600E585C4 /* Sources */,
				8895DF4E25DEC84600E585C4 /* Frameworks */,
				8895DF4F25DEC84600E585C4 /* Resources */,
			);
			buildRules = (
			);
			dependencies = (
			);
			name = LoyaltyAPIClient;
			productName = LoyaltyAPIClient;
			productReference = 8895DF5125DEC84600E585C4 /* LoyaltyAPIClient.framework */;
			productType = "com.apple.product-type.framework";
		};
		88D529A325E411B000C75A24 /* LoyaltyAppIsolatedTests */ = {
			isa = PBXNativeTarget;
			buildConfigurationList = 88D529A925E411B000C75A24 /* Build configuration list for PBXNativeTarget "LoyaltyAppIsolatedTests" */;
			buildPhases = (
				88D529A025E411B000C75A24 /* Sources */,
				88D529A125E411B000C75A24 /* Frameworks */,
				88D529A225E411B000C75A24 /* Resources */,
			);
			buildRules = (
			);
			dependencies = (
			);
			name = LoyaltyAppIsolatedTests;
			productName = LoyaltyAppIsolatedTests;
			productReference = 88D529A425E411B000C75A24 /* LoyaltyAppIsolatedTests.xctest */;
			productType = "com.apple.product-type.bundle.unit-test";
		};
/* End PBXNativeTarget section */

/* Begin PBXProject section */
		8827159625DEA85400147F20 /* Project object */ = {
			isa = PBXProject;
			attributes = {
				LastSwiftUpdateCheck = 1240;
				LastUpgradeCheck = 1240;
				TargetAttributes = {
					8827159D25DEA85400147F20 = {
						CreatedOnToolsVersion = 12.4;
					};
					8895DF5025DEC84600E585C4 = {
						CreatedOnToolsVersion = 12.4;
						LastSwiftMigration = 1240;
					};
					88D529A325E411B000C75A24 = {
						CreatedOnToolsVersion = 12.4;
						LastSwiftMigration = 1240;
					};
				};
			};
			buildConfigurationList = 8827159925DEA85400147F20 /* Build configuration list for PBXProject "LoyaltyApp" */;
			compatibilityVersion = "Xcode 9.3";
			developmentRegion = en;
			hasScannedForEncodings = 0;
			knownRegions = (
				en,
				Base,
			);
			mainGroup = 8827159525DEA85400147F20;
			productRefGroup = 8827159F25DEA85400147F20 /* Products */;
			projectDirPath = "";
			projectRoot = "";
			targets = (
				8827159D25DEA85400147F20 /* LoyaltyApp */,
				8895DF5025DEC84600E585C4 /* LoyaltyAPIClient */,
				88D529A325E411B000C75A24 /* LoyaltyAppIsolatedTests */,
			);
		};
/* End PBXProject section */

/* Begin PBXResourcesBuildPhase section */
		8827159C25DEA85400147F20 /* Resources */ = {
			isa = PBXResourcesBuildPhase;
			buildActionMask = 2147483647;
			files = (
				882715AE25DEA85500147F20 /* LaunchScreen.storyboard in Resources */,
				882715AB25DEA85500147F20 /* Assets.xcassets in Resources */,
				88F5DF9F25E3C860001E7E4B /* SignUpVC.xib in Resources */,
				88F5DF9A25E3C7A0001E7E4B /* SignInVC.xib in Resources */,
				8864D33C25E5217A007C3FCE /* CardListVC.xib in Resources */,
				88F5DFAF25E3CBBF001E7E4B /* InfosVC.xib in Resources */,
				88F5DFA625E3CAF6001E7E4B /* CardCellView.xib in Resources */,
				88F5DFA925E3CB03001E7E4B /* LoadingCellView.xib in Resources */,
				88F5DFB425E3CC36001E7E4B /* AddEditVC.xib in Resources */,
			);
			runOnlyForDeploymentPostprocessing = 0;
		};
		8895DF4F25DEC84600E585C4 /* Resources */ = {
			isa = PBXResourcesBuildPhase;
			buildActionMask = 2147483647;
			files = (
			);
			runOnlyForDeploymentPostprocessing = 0;
		};
		88D529A225E411B000C75A24 /* Resources */ = {
			isa = PBXResourcesBuildPhase;
			buildActionMask = 2147483647;
			files = (
			);
			runOnlyForDeploymentPostprocessing = 0;
		};
/* End PBXResourcesBuildPhase section */

/* Begin PBXSourcesBuildPhase section */
		8827159A25DEA85400147F20 /* Sources */ = {
			isa = PBXSourcesBuildPhase;
			buildActionMask = 2147483647;
			files = (
				882715A625DEA85400147F20 /* SignInVC.swift in Sources */,
				882715A225DEA85400147F20 /* AppDelegate.swift in Sources */,
				8864D31A25E4F96C007C3FCE /* Coordinator.swift in Sources */,
				8828917B25DFB183008FE0AD /* Utils.swift in Sources */,
				882715BD25DEBBB000147F20 /* CardCellView.swift in Sources */,
				88E6039325DEC121000CE124 /* CardListVC.swift in Sources */,
				8864D32025E4FABC007C3FCE /* RootCoordinator.swift in Sources */,
				8864D32425E4FC79007C3FCE /* SignUpViewModel.swift in Sources */,
				8864D33425E51C4D007C3FCE /* CardListCellViewModel.swift in Sources */,
				88F5DFBA25E3E8C2001E7E4B /* Services.swift in Sources */,
				88E6039725DEC307000CE124 /* SignUpVC.swift in Sources */,
				88E6039F25DEC360000CE124 /* InfosVC.swift in Sources */,
				8864D33825E51FC7007C3FCE /* ListCoordinator.swift in Sources */,
				88D529CC25E4127E00C75A24 /* Providers.swift in Sources */,
				8860549125E3F85C00B552FE /* SignInViewModel.swift in Sources */,
				882715A425DEA85400147F20 /* SceneDelegate.swift in Sources */,
				88E6039C25DEC32C000CE124 /* AddEditVC.swift in Sources */,
			);
			runOnlyForDeploymentPostprocessing = 0;
		};
		8895DF4D25DEC84600E585C4 /* Sources */ = {
			isa = PBXSourcesBuildPhase;
			buildActionMask = 2147483647;
			files = (
				8895DF6025DEC87000E585C4 /* LoyaltyAPIClient.swift in Sources */,
				8895DF6625DECB5E00E585C4 /* Endpoint.swift in Sources */,
				8895DF6925DECBB100E585C4 /* BaseOperation.swift in Sources */,
				8895DF7425DECCF600E585C4 /* RequestOperation.swift in Sources */,
				8895DF6325DEC88F00E585C4 /* Models.swift in Sources */,
				8895DF7125DECC4E00E585C4 /* API.swift in Sources */,
			);
			runOnlyForDeploymentPostprocessing = 0;
		};
		88D529A025E411B000C75A24 /* Sources */ = {
			isa = PBXSourcesBuildPhase;
			buildActionMask = 2147483647;
			files = (
				88D529C825E4126000C75A24 /* SignInViewModel.swift in Sources */,
				88D529CF25E4128E00C75A24 /* Services.swift in Sources */,
				88D529C025E4124400C75A24 /* SignInViewModelTests.swift in Sources */,
			);
			runOnlyForDeploymentPostprocessing = 0;
		};
/* End PBXSourcesBuildPhase section */

/* Begin PBXTargetDependency section */
		8895DF5725DEC84600E585C4 /* PBXTargetDependency */ = {
			isa = PBXTargetDependency;
			target = 8895DF5025DEC84600E585C4 /* LoyaltyAPIClient */;
			targetProxy = 8895DF5625DEC84600E585C4 /* PBXContainerItemProxy */;
		};
/* End PBXTargetDependency section */

/* Begin PBXVariantGroup section */
		882715AC25DEA85500147F20 /* LaunchScreen.storyboard */ = {
			isa = PBXVariantGroup;
			children = (
				882715AD25DEA85500147F20 /* Base */,
			);
			name = LaunchScreen.storyboard;
			sourceTree = "<group>";
		};
/* End PBXVariantGroup section */

/* Begin XCBuildConfiguration section */
		882715B025DEA85500147F20 /* Debug */ = {
			isa = XCBuildConfiguration;
			buildSettings = {
				ALWAYS_SEARCH_USER_PATHS = NO;
				CLANG_ANALYZER_NONNULL = YES;
				CLANG_ANALYZER_NUMBER_OBJECT_CONVERSION = YES_AGGRESSIVE;
				CLANG_CXX_LANGUAGE_STANDARD = "gnu++14";
				CLANG_CXX_LIBRARY = "libc++";
				CLANG_ENABLE_MODULES = YES;
				CLANG_ENABLE_OBJC_ARC = YES;
				CLANG_ENABLE_OBJC_WEAK = YES;
				CLANG_WARN_BLOCK_CAPTURE_AUTORELEASING = YES;
				CLANG_WARN_BOOL_CONVERSION = YES;
				CLANG_WARN_COMMA = YES;
				CLANG_WARN_CONSTANT_CONVERSION = YES;
				CLANG_WARN_DEPRECATED_OBJC_IMPLEMENTATIONS = YES;
				CLANG_WARN_DIRECT_OBJC_ISA_USAGE = YES_ERROR;
				CLANG_WARN_DOCUMENTATION_COMMENTS = YES;
				CLANG_WARN_EMPTY_BODY = YES;
				CLANG_WARN_ENUM_CONVERSION = YES;
				CLANG_WARN_INFINITE_RECURSION = YES;
				CLANG_WARN_INT_CONVERSION = YES;
				CLANG_WARN_NON_LITERAL_NULL_CONVERSION = YES;
				CLANG_WARN_OBJC_IMPLICIT_RETAIN_SELF = YES;
				CLANG_WARN_OBJC_LITERAL_CONVERSION = YES;
				CLANG_WARN_OBJC_ROOT_CLASS = YES_ERROR;
				CLANG_WARN_QUOTED_INCLUDE_IN_FRAMEWORK_HEADER = YES;
				CLANG_WARN_RANGE_LOOP_ANALYSIS = YES;
				CLANG_WARN_STRICT_PROTOTYPES = YES;
				CLANG_WARN_SUSPICIOUS_MOVE = YES;
				CLANG_WARN_UNGUARDED_AVAILABILITY = YES_AGGRESSIVE;
				CLANG_WARN_UNREACHABLE_CODE = YES;
				CLANG_WARN__DUPLICATE_METHOD_MATCH = YES;
				COPY_PHASE_STRIP = NO;
				DEBUG_INFORMATION_FORMAT = dwarf;
				ENABLE_STRICT_OBJC_MSGSEND = YES;
				ENABLE_TESTABILITY = YES;
				GCC_C_LANGUAGE_STANDARD = gnu11;
				GCC_DYNAMIC_NO_PIC = NO;
				GCC_NO_COMMON_BLOCKS = YES;
				GCC_OPTIMIZATION_LEVEL = 0;
				GCC_PREPROCESSOR_DEFINITIONS = (
					"DEBUG=1",
					"$(inherited)",
				);
				GCC_WARN_64_TO_32_BIT_CONVERSION = YES;
				GCC_WARN_ABOUT_RETURN_TYPE = YES_ERROR;
				GCC_WARN_UNDECLARED_SELECTOR = YES;
				GCC_WARN_UNINITIALIZED_AUTOS = YES_AGGRESSIVE;
				GCC_WARN_UNUSED_FUNCTION = YES;
				GCC_WARN_UNUSED_VARIABLE = YES;
				IPHONEOS_DEPLOYMENT_TARGET = 14.4;
				MTL_ENABLE_DEBUG_INFO = INCLUDE_SOURCE;
				MTL_FAST_MATH = YES;
				ONLY_ACTIVE_ARCH = YES;
				SDKROOT = iphoneos;
				SWIFT_ACTIVE_COMPILATION_CONDITIONS = DEBUG;
				SWIFT_OPTIMIZATION_LEVEL = "-Onone";
			};
			name = Debug;
		};
		882715B125DEA85500147F20 /* Release */ = {
			isa = XCBuildConfiguration;
			buildSettings = {
				ALWAYS_SEARCH_USER_PATHS = NO;
				CLANG_ANALYZER_NONNULL = YES;
				CLANG_ANALYZER_NUMBER_OBJECT_CONVERSION = YES_AGGRESSIVE;
				CLANG_CXX_LANGUAGE_STANDARD = "gnu++14";
				CLANG_CXX_LIBRARY = "libc++";
				CLANG_ENABLE_MODULES = YES;
				CLANG_ENABLE_OBJC_ARC = YES;
				CLANG_ENABLE_OBJC_WEAK = YES;
				CLANG_WARN_BLOCK_CAPTURE_AUTORELEASING = YES;
				CLANG_WARN_BOOL_CONVERSION = YES;
				CLANG_WARN_COMMA = YES;
				CLANG_WARN_CONSTANT_CONVERSION = YES;
				CLANG_WARN_DEPRECATED_OBJC_IMPLEMENTATIONS = YES;
				CLANG_WARN_DIRECT_OBJC_ISA_USAGE = YES_ERROR;
				CLANG_WARN_DOCUMENTATION_COMMENTS = YES;
				CLANG_WARN_EMPTY_BODY = YES;
				CLANG_WARN_ENUM_CONVERSION = YES;
				CLANG_WARN_INFINITE_RECURSION = YES;
				CLANG_WARN_INT_CONVERSION = YES;
				CLANG_WARN_NON_LITERAL_NULL_CONVERSION = YES;
				CLANG_WARN_OBJC_IMPLICIT_RETAIN_SELF = YES;
				CLANG_WARN_OBJC_LITERAL_CONVERSION = YES;
				CLANG_WARN_OBJC_ROOT_CLASS = YES_ERROR;
				CLANG_WARN_QUOTED_INCLUDE_IN_FRAMEWORK_HEADER = YES;
				CLANG_WARN_RANGE_LOOP_ANALYSIS = YES;
				CLANG_WARN_STRICT_PROTOTYPES = YES;
				CLANG_WARN_SUSPICIOUS_MOVE = YES;
				CLANG_WARN_UNGUARDED_AVAILABILITY = YES_AGGRESSIVE;
				CLANG_WARN_UNREACHABLE_CODE = YES;
				CLANG_WARN__DUPLICATE_METHOD_MATCH = YES;
				COPY_PHASE_STRIP = NO;
				DEBUG_INFORMATION_FORMAT = "dwarf-with-dsym";
				ENABLE_NS_ASSERTIONS = NO;
				ENABLE_STRICT_OBJC_MSGSEND = YES;
				GCC_C_LANGUAGE_STANDARD = gnu11;
				GCC_NO_COMMON_BLOCKS = YES;
				GCC_WARN_64_TO_32_BIT_CONVERSION = YES;
				GCC_WARN_ABOUT_RETURN_TYPE = YES_ERROR;
				GCC_WARN_UNDECLARED_SELECTOR = YES;
				GCC_WARN_UNINITIALIZED_AUTOS = YES_AGGRESSIVE;
				GCC_WARN_UNUSED_FUNCTION = YES;
				GCC_WARN_UNUSED_VARIABLE = YES;
				IPHONEOS_DEPLOYMENT_TARGET = 14.4;
				MTL_ENABLE_DEBUG_INFO = NO;
				MTL_FAST_MATH = YES;
				SDKROOT = iphoneos;
				SWIFT_COMPILATION_MODE = wholemodule;
				SWIFT_OPTIMIZATION_LEVEL = "-O";
				VALIDATE_PRODUCT = YES;
			};
			name = Release;
		};
		882715B325DEA85500147F20 /* Debug */ = {
			isa = XCBuildConfiguration;
			buildSettings = {
				ALWAYS_EMBED_SWIFT_STANDARD_LIBRARIES = YES;
				ASSETCATALOG_COMPILER_APPICON_NAME = AppIcon;
				ASSETCATALOG_COMPILER_GLOBAL_ACCENT_COLOR_NAME = AccentColor;
				CODE_SIGN_STYLE = Automatic;
				INFOPLIST_FILE = LoyaltyApp/Info.plist;
				LD_RUNPATH_SEARCH_PATHS = (
					"$(inherited)",
					"@executable_path/Frameworks",
				);
				PRODUCT_BUNDLE_IDENTIFIER = net.yageek.LoyaltyApp;
				PRODUCT_NAME = "$(TARGET_NAME)";
				SWIFT_VERSION = 5.0;
				TARGETED_DEVICE_FAMILY = "1,2";
			};
			name = Debug;
		};
		882715B425DEA85500147F20 /* Release */ = {
			isa = XCBuildConfiguration;
			buildSettings = {
				ALWAYS_EMBED_SWIFT_STANDARD_LIBRARIES = YES;
				ASSETCATALOG_COMPILER_APPICON_NAME = AppIcon;
				ASSETCATALOG_COMPILER_GLOBAL_ACCENT_COLOR_NAME = AccentColor;
				CODE_SIGN_STYLE = Automatic;
				INFOPLIST_FILE = LoyaltyApp/Info.plist;
				LD_RUNPATH_SEARCH_PATHS = (
					"$(inherited)",
					"@executable_path/Frameworks",
				);
				PRODUCT_BUNDLE_IDENTIFIER = net.yageek.LoyaltyApp;
				PRODUCT_NAME = "$(TARGET_NAME)";
				SWIFT_VERSION = 5.0;
				TARGETED_DEVICE_FAMILY = "1,2";
			};
			name = Release;
		};
		8895DF5B25DEC84600E585C4 /* Debug */ = {
			isa = XCBuildConfiguration;
			buildSettings = {
				CLANG_ENABLE_MODULES = YES;
				CODE_SIGN_STYLE = Automatic;
				CURRENT_PROJECT_VERSION = 1;
				DEFINES_MODULE = YES;
				DYLIB_COMPATIBILITY_VERSION = 1;
				DYLIB_CURRENT_VERSION = 1;
				DYLIB_INSTALL_NAME_BASE = "@rpath";
				INFOPLIST_FILE = LoyaltyAPIClient/Info.plist;
				INSTALL_PATH = "$(LOCAL_LIBRARY_DIR)/Frameworks";
				LD_RUNPATH_SEARCH_PATHS = (
					"$(inherited)",
					"@executable_path/Frameworks",
					"@loader_path/Frameworks",
				);
				PRODUCT_BUNDLE_IDENTIFIER = net.yageek.LoyaltyAPIClient;
				PRODUCT_NAME = "$(TARGET_NAME:c99extidentifier)";
				SKIP_INSTALL = YES;
				SWIFT_OPTIMIZATION_LEVEL = "-Onone";
				SWIFT_VERSION = 5.0;
				TARGETED_DEVICE_FAMILY = "1,2";
				VERSIONING_SYSTEM = "apple-generic";
				VERSION_INFO_PREFIX = "";
			};
			name = Debug;
		};
		8895DF5C25DEC84600E585C4 /* Release */ = {
			isa = XCBuildConfiguration;
			buildSettings = {
				CLANG_ENABLE_MODULES = YES;
				CODE_SIGN_STYLE = Automatic;
				CURRENT_PROJECT_VERSION = 1;
				DEFINES_MODULE = YES;
				DYLIB_COMPATIBILITY_VERSION = 1;
				DYLIB_CURRENT_VERSION = 1;
				DYLIB_INSTALL_NAME_BASE = "@rpath";
				INFOPLIST_FILE = LoyaltyAPIClient/Info.plist;
				INSTALL_PATH = "$(LOCAL_LIBRARY_DIR)/Frameworks";
				LD_RUNPATH_SEARCH_PATHS = (
					"$(inherited)",
					"@executable_path/Frameworks",
					"@loader_path/Frameworks",
				);
				PRODUCT_BUNDLE_IDENTIFIER = net.yageek.LoyaltyAPIClient;
				PRODUCT_NAME = "$(TARGET_NAME:c99extidentifier)";
				SKIP_INSTALL = YES;
				SWIFT_VERSION = 5.0;
				TARGETED_DEVICE_FAMILY = "1,2";
				VERSIONING_SYSTEM = "apple-generic";
				VERSION_INFO_PREFIX = "";
			};
			name = Release;
		};
		88D529AA25E411B000C75A24 /* Debug */ = {
			isa = XCBuildConfiguration;
			buildSettings = {
				CLANG_ENABLE_MODULES = YES;
				CODE_SIGN_STYLE = Automatic;
				INFOPLIST_FILE = LoyaltyAppIsolatedTests/Info.plist;
				LD_RUNPATH_SEARCH_PATHS = (
					"$(inherited)",
					"@executable_path/Frameworks",
					"@loader_path/Frameworks",
				);
				PRODUCT_BUNDLE_IDENTIFIER = net.yageek.LoyaltyAppIsolatedTests;
				PRODUCT_NAME = "$(TARGET_NAME)";
				SWIFT_OBJC_BRIDGING_HEADER = "LoyaltyAppIsolatedTests/SignIn/LoyaltyAppIsolatedTests-Bridging-Header.h";
				SWIFT_OPTIMIZATION_LEVEL = "-Onone";
				SWIFT_VERSION = 5.0;
				TARGETED_DEVICE_FAMILY = "1,2";
			};
			name = Debug;
		};
		88D529AB25E411B000C75A24 /* Release */ = {
			isa = XCBuildConfiguration;
			buildSettings = {
				CLANG_ENABLE_MODULES = YES;
				CODE_SIGN_STYLE = Automatic;
				INFOPLIST_FILE = LoyaltyAppIsolatedTests/Info.plist;
				LD_RUNPATH_SEARCH_PATHS = (
					"$(inherited)",
					"@executable_path/Frameworks",
					"@loader_path/Frameworks",
				);
				PRODUCT_BUNDLE_IDENTIFIER = net.yageek.LoyaltyAppIsolatedTests;
				PRODUCT_NAME = "$(TARGET_NAME)";
				SWIFT_OBJC_BRIDGING_HEADER = "LoyaltyAppIsolatedTests/SignIn/LoyaltyAppIsolatedTests-Bridging-Header.h";
				SWIFT_VERSION = 5.0;
				TARGETED_DEVICE_FAMILY = "1,2";
			};
			name = Release;
		};
/* End XCBuildConfiguration section */

/* Begin XCConfigurationList section */
		8827159925DEA85400147F20 /* Build configuration list for PBXProject "LoyaltyApp" */ = {
			isa = XCConfigurationList;
			buildConfigurations = (
				882715B025DEA85500147F20 /* Debug */,
				882715B125DEA85500147F20 /* Release */,
			);
			defaultConfigurationIsVisible = 0;
			defaultConfigurationName = Release;
		};
		882715B225DEA85500147F20 /* Build configuration list for PBXNativeTarget "LoyaltyApp" */ = {
			isa = XCConfigurationList;
			buildConfigurations = (
				882715B325DEA85500147F20 /* Debug */,
				882715B425DEA85500147F20 /* Release */,
			);
			defaultConfigurationIsVisible = 0;
			defaultConfigurationName = Release;
		};
		8895DF5D25DEC84600E585C4 /* Build configuration list for PBXNativeTarget "LoyaltyAPIClient" */ = {
			isa = XCConfigurationList;
			buildConfigurations = (
				8895DF5B25DEC84600E585C4 /* Debug */,
				8895DF5C25DEC84600E585C4 /* Release */,
			);
			defaultConfigurationIsVisible = 0;
			defaultConfigurationName = Release;
		};
		88D529A925E411B000C75A24 /* Build configuration list for PBXNativeTarget "LoyaltyAppIsolatedTests" */ = {
			isa = XCConfigurationList;
			buildConfigurations = (
				88D529AA25E411B000C75A24 /* Debug */,
				88D529AB25E411B000C75A24 /* Release */,
			);
			defaultConfigurationIsVisible = 0;
			defaultConfigurationName = Release;
		};
/* End XCConfigurationList section */
	};
	rootObject = 8827159625DEA85400147F20 /* Project object */;
}
